lockfileVersion: '9.0'

settings:
  autoInstallPeers: true
  excludeLinksFromLockfile: false

importers:

  .:
    dependencies:
      framer-motion:
        specifier: ^12.25.0
        version: 12.25.0(react-dom@19.2.3(react@18.3.1))(react@18.3.1)
      lucide-react:
        specifier: ^0.562.0
        version: 0.562.0(react@18.3.1)

packages:

  framer-motion@12.25.0:
    resolution: {integrity: sha512-mlWqd0rApIjeyhTCSNCqPYsUAEhkcUukZxH3ke6KbstBRPcxhEpuIjmiUQvB+1E9xkEm5SpNHBgHCapH/QHTWg==}
    peerDependencies:
      '@emotion/is-prop-valid': '*'
      react: ^18.0.0 || ^19.0.0
      react-dom: ^18.0.0 || ^19.0.0
    peerDependenciesMeta:
      '@emotion/is-prop-valid':
        optional: true
      react:
        optional: true
      react-dom:
        optional: true

  js-tokens@4.0.0:
    resolution: {integrity: sha512-RdJUflcE3cUzKiMqQgsCu06FPu9UdIJO0beYbPhHN4k6apgJtifcoCtT9bcxOpYBtpD2kCM6Sbzg4CausW/PKQ==}

  loose-envify@1.4.0:
    resolution: {integrity: sha512-lyuxPGr/Wfhrlem2CL/UcnUc1zcqKAImBDzukY7Y5F/yQiNdko6+fRLevlw1HgMySw7f611UIY408EtxRSoK3Q==}
    hasBin: true

  lucide-react@0.562.0:
    resolution: {integrity: sha512-82hOAu7y0dbVuFfmO4bYF1XEwYk/mEbM5E+b1jgci/udUBEE/R7LF5Ip0CCEmXe8AybRM8L+04eP+LGZeDvkiw==}
    peerDependencies:
      react: ^16.5.1 || ^17.0.0 || ^18.0.0 || ^19.0.0

  motion-dom@12.24.11:
    resolution: {integrity: sha512-DlWOmsXMJrV8lzZyd+LKjG2CXULUs++bkq8GZ2Sr0R0RRhs30K2wtY+LKiTjhmJU3W61HK+rB0GLz6XmPvTA1A==}

  motion-utils@12.24.10:
    resolution: {integrity: sha512-x5TFgkCIP4pPsRLpKoI86jv/q8t8FQOiM/0E8QKBzfMozWHfkKap2gA1hOki+B5g3IsBNpxbUnfOum1+dgvYww==}

  react-dom@19.2.3:
    resolution: {integrity: sha512-yELu4WmLPw5Mr/lmeEpox5rw3RETacE++JgHqQzd2dg+YbJuat3jH4ingc+WPZhxaoFzdv9y33G+F7Nl5O0GBg==}
    peerDependencies:
      react: ^19.2.3

  react@18.3.1:
    resolution: {integrity: sha512-wS+hAgJShR0KhEvPJArfuPVN1+Hz1t0Y6n5jLrGQbkb4urgPE/0Rve+1kMB1v/oWgHgm4WIcV+i7F2pTVj+2iQ==}
    engines: {node: '>=0.10.0'}

  scheduler@0.27.0:
    resolution: {integrity: sha512-eNv+WrVbKu1f3vbYJT/xtiF5syA5HPIMtf9IgY/nKg0sWqzAUEvqY/xm7OcZc/qafLx/iO9FgOmeSAp4v5ti/Q==}

  tslib@2.8.1:
    resolution: {integrity: sha512-oJFu94HQb+KVduSUQL7wnpmqnfmLsOA/nAh6b6EH0wCEoK0/mPeXU6c3wKDV83MkOuHPRHtSXKKU99IBazS/2w==}

snapshots:

  framer-motion@12.25.0(react-dom@19.2.3(react@18.3.1))(react@18.3.1):
    dependencies:
      motion-dom: 12.24.11
      motion-utils: 12.24.10
      tslib: 2.8.1
    optionalDependencies:
      react: 18.3.1
      react-dom: 19.2.3(react@18.3.1)

  js-tokens@4.0.0: {}

  loose-envify@1.4.0:
    dependencies:
      js-tokens: 4.0.0

  lucide-react@0.562.0(react@18.3.1):
    dependencies:
      react: 18.3.1

  motion-dom@12.24.11:
    dependencies:
      motion-utils: 12.24.10

  motion-utils@12.24.10: {}

  react-dom@19.2.3(react@18.3.1):
    dependencies:
      react: 18.3.1
      scheduler: 0.27.0
    optional: true

  react@18.3.1:
    dependencies:
      loose-envify: 1.4.0

  scheduler@0.27.0:
    optional: true

  tslib@2.8.1: {}
